// !$*UTF8*$!
{
	archiveVersion = 1;
	classes = {
	};
	objectVersion = 50;
	objects = {

/* Begin PBXBuildFile section */
		845EC540217B0D2E008F5E64 /* AppDelegate.swift in Sources */ = {isa = PBXBuildFile; fileRef = 845EC53F217B0D2E008F5E64 /* AppDelegate.swift */; };
		845EC542217B0D2E008F5E64 /* ViewController.swift in Sources */ = {isa = PBXBuildFile; fileRef = 845EC541217B0D2E008F5E64 /* ViewController.swift */; };
		845EC545217B0D2E008F5E64 /* Main.storyboard in Resources */ = {isa = PBXBuildFile; fileRef = 845EC543217B0D2E008F5E64 /* Main.storyboard */; };
		845EC547217B0D31008F5E64 /* Assets.xcassets in Resources */ = {isa = PBXBuildFile; fileRef = 845EC546217B0D31008F5E64 /* Assets.xcassets */; };
		845EC54A217B0D31008F5E64 /* LaunchScreen.storyboard in Resources */ = {isa = PBXBuildFile; fileRef = 845EC548217B0D31008F5E64 /* LaunchScreen.storyboard */; };
		845EC552217B0DC7008F5E64 /* Card.swift in Sources */ = {isa = PBXBuildFile; fileRef = 845EC551217B0DC7008F5E64 /* Card.swift */; };
		845EC554217B0EAE008F5E64 /* PlayCards.swift in Sources */ = {isa = PBXBuildFile; fileRef = 845EC553217B0EAE008F5E64 /* PlayCards.swift */; };
/* End PBXBuildFile section */

/* Begin PBXFileReference section */
		845EC53C217B0D2E008F5E64 /* PlayCards.app */ = {isa = PBXFileReference; explicitFileType = wrapper.application; includeInIndex = 0; path = PlayCards.app; sourceTree = BUILT_PRODUCTS_DIR; };
		845EC53F217B0D2E008F5E64 /* AppDelegate.swift */ = {isa = PBXFileReference; lastKnownFileType = sourcecode.swift; path = AppDelegate.swift; sourceTree = "<group>"; };
		845EC541217B0D2E008F5E64 /* ViewController.swift */ = {isa = PBXFileReference; lastKnownFileType = sourcecode.swift; path = ViewController.swift; sourceTree = "<group>"; };
		845EC544217B0D2E008F5E64 /* Base */ = {isa = PBXFileReference; lastKnownFileType = file.storyboard; name = Base; path = Base.lproj/Main.storyboard; sourceTree = "<group>"; };
		845EC546217B0D31008F5E64 /* Assets.xcassets */ = {isa = PBXFileReference; lastKnownFileType = folder.assetcatalog; path = Assets.xcassets; sourceTree = "<group>"; };
		845EC549217B0D31008F5E64 /* Base */ = {isa = PBXFileReference; lastKnownFileType = file.storyboard; name = Base; path = Base.lproj/LaunchScreen.storyboard; sourceTree = "<group>"; };
		845EC54B217B0D31008F5E64 /* Info.plist */ = {isa = PBXFileReference; lastKnownFileType = text.plist.xml; path = Info.plist; sourceTree = "<group>"; };
		845EC551217B0DC7008F5E64 /* Card.swift */ = {isa = PBXFileReference; lastKnownFileType = sourcecode.swift; path = Card.swift; sourceTree = "<group>"; };
		845EC553217B0EAE008F5E64 /* PlayCards.swift */ = {isa = PBXFileReference; lastKnownFileType = sourcecode.swift; path = PlayCards.swift; sourceTree = "<group>"; };
/* End PBXFileReference section */

/* Begin PBXFrameworksBuildPhase section */
		845EC539217B0D2E008F5E64 /* Frameworks */ = {
			isa = PBXFrameworksBuildPhase;
			buildActionMask = 2147483647;
			files = (
			);
			runOnlyForDeploymentPostprocessing = 0;
		};
/* End PBXFrameworksBuildPhase section */

/* Begin PBXGroup section */
		845EC533217B0D2E008F5E64 = {
			isa = PBXGroup;
			children = (
				845EC53E217B0D2E008F5E64 /* PlayCards */,
				845EC53D217B0D2E008F5E64 /* Products */,
			);
			sourceTree = "<group>";
		};
		845EC53D217B0D2E008F5E64 /* Products */ = {
			isa = PBXGroup;
			children = (
				845EC53C217B0D2E008F5E64 /* PlayCards.app */,
			);
			name = Products;
			sourceTree = "<group>";
		};
		845EC53E217B0D2E008F5E64 /* PlayCards */ = {
			isa = PBXGroup;
			children = (
				845EC53F217B0D2E008F5E64 /* AppDelegate.swift */,
				845EC541217B0D2E008F5E64 /* ViewController.swift */,
				845EC543217B0D2E008F5E64 /* Main.storyboard */,
				845EC546217B0D31008F5E64 /* Assets.xcassets */,
				845EC548217B0D31008F5E64 /* LaunchScreen.storyboard */,
				845EC54B217B0D31008F5E64 /* Info.plist */,
				845EC551217B0DC7008F5E64 /* Card.swift */,
				845EC553217B0EAE008F5E64 /* PlayCards.swift */,
			);
			path = PlayCards;
			sourceTree = "<group>";
		};
/* End PBXGroup section */

/* Begin PBXNativeTarget section */
		845EC53B217B0D2E008F5E64 /* PlayCards */ = {
			isa = PBXNativeTarget;
			buildConfigurationList = 845EC54E217B0D31008F5E64 /* Build configuration list for PBXNativeTarget "PlayCards" */;
			buildPhases = (
				845EC538217B0D2E008F5E64 /* Sources */,
				845EC539217B0D2E008F5E64 /* Frameworks */,
				845EC53A217B0D2E008F5E64 /* Resources */,
			);
			buildRules = (
			);
			dependencies = (
			);
			name = PlayCards;
			productName = PlayCards;
			productReference = 845EC53C217B0D2E008F5E64 /* PlayCards.app */;
			productType = "com.apple.product-type.application";
		};
/* End PBXNativeTarget section */

/* Begin PBXProject section */
		845EC534217B0D2E008F5E64 /* Project object */ = {
			isa = PBXProject;
			attributes = {
				LastSwiftUpdateCheck = 1000;
				LastUpgradeCheck = 1000;
				ORGANIZATIONNAME = dqv5;
				TargetAttributes = {
					845EC53B217B0D2E008F5E64 = {
						CreatedOnToolsVersion = 10.0;
					};
				};
			};
			buildConfigurationList = 845EC537217B0D2E008F5E64 /* Build configuration list for PBXProject "PlayCards" */;
			compatibilityVersion = "Xcode 9.3";
			developmentRegion = en;
			hasScannedForEncodings = 0;
			knownRegions = (
				en,
				Base,
			);
			mainGroup = 845EC533217B0D2E008F5E64;
			productRefGroup = 845EC53D217B0D2E008F5E64 /* Products */;
			projectDirPath = "";
			projectRoot = "";
			targets = (
				845EC53B217B0D2E008F5E64 /* PlayCards */,
			);
		};
/* End PBXProject section */

/* Begin PBXResourcesBuildPhase section */
		845EC53A217B0D2E008F5E64 /* Resources */ = {
			isa = PBXResourcesBuildPhase;
			buildActionMask = 2147483647;
			files = (
				845EC54A217B0D31008F5E64 /* LaunchScreen.storyboard in Resources */,
				845EC547217B0D31008F5E64 /* Assets.xcassets in Resources */,
				845EC545217B0D2E008F5E64 /* Main.storyboard in Resources */,
			);
			runOnlyForDeploymentPostprocessing = 0;
		};
/* End PBXResourcesBuildPhase section */

/* Begin PBXSourcesBuildPhase section */
		845EC538217B0D2E008F5E64 /* Sources */ = {
			isa = PBXSourcesBuildPhase;
			buildActionMask = 2147483647;
			files = (
				845EC542217B0D2E008F5E64 /* ViewController.swift in Sources */,
				845EC554217B0EAE008F5E64 /* PlayCards.swift in Sources */,
				845EC552217B0DC7008F5E64 /* Card.swift in Sources */,
				845EC540217B0D2E008F5E64 /* AppDelegate.swift in Sources */,
			);
			runOnlyForDeploymentPostprocessing = 0;
		};
/* End PBXSourcesBuildPhase section */

/* Begin PBXVariantGroup section */
		845EC543217B0D2E008F5E64 /* Main.storyboard */ = {
			isa = PBXVariantGroup;
			children = (
				845EC544217B0D2E008F5E64 /* Base */,
			);
			name = Main.storyboard;
			sourceTree = "<group>";
		};
		845EC548217B0D31008F5E64 /* LaunchScreen.storyboard */ = {
			isa = PBXVariantGroup;
			children = (
				845EC549217B0D31008F5E64 /* Base */,
			);
			name = LaunchScreen.storyboard;
			sourceTree = "<group>";
		};
/* End PBXVariantGroup section */

/* Begin XCBuildConfiguration section */
		845EC54C217B0D31008F5E64 /* Debug */ = {
			isa = XCBuildConfiguration;
			buildSettings = {
				ALWAYS_SEARCH_USER_PATHS = NO;
				CLANG_ANALYZER_NONNULL = YES;
				CLANG_ANALYZER_NUMBER_OBJECT_CONVERSION = YES_AGGRESSIVE;
				CLANG_CXX_LANGUAGE_STANDARD = "gnu++14";
				CLANG_CXX_LIBRARY = "libc++";
				CLANG_ENABLE_MODULES = YES;
				CLANG_ENABLE_OBJC_ARC = YES;
				CLANG_ENABLE_OBJC_WEAK = YES;
				CLANG_WARN_BLOCK_CAPTURE_AUTORELEASING = YES;
				CLANG_WARN_BOOL_CONVERSION = YES;
				CLANG_WARN_COMMA = YES;
				CLANG_WARN_CONSTANT_CONVERSION = YES;
				CLANG_WARN_DEPRECATED_OBJC_IMPLEMENTATIONS = YES;
				CLANG_WARN_DIRECT_OBJC_ISA_USAGE = YES_ERROR;
				CLANG_WARN_DOCUMENTATION_COMMENTS = YES;
				CLANG_WARN_EMPTY_BODY = YES;
				CLANG_WARN_ENUM_CONVERSION = YES;
				CLANG_WARN_INFINITE_RECURSION = YES;
				CLANG_WARN_INT_CONVERSION = YES;
				CLANG_WARN_NON_LITERAL_NULL_CONVERSION = YES;
				CLANG_WARN_OBJC_IMPLICIT_RETAIN_SELF = YES;
				CLANG_WARN_OBJC_LITERAL_CONVERSION = YES;
				CLANG_WARN_OBJC_ROOT_CLASS = YES_ERROR;
				CLANG_WARN_RANGE_LOOP_ANALYSIS = YES;
				CLANG_WARN_STRICT_PROTOTYPES = YES;
				CLANG_WARN_SUSPICIOUS_MOVE = YES;
				CLANG_WARN_UNGUARDED_AVAILABILITY = YES_AGGRESSIVE;
				CLANG_WARN_UNREACHABLE_CODE = YES;
				CLANG_WARN__DUPLICATE_METHOD_MATCH = YES;
				CODE_SIGN_IDENTITY = "iPhone Developer";
				COPY_PHASE_STRIP = NO;
				DEBUG_INFORMATION_FORMAT = dwarf;
				ENABLE_STRICT_OBJC_MSGSEND = YES;
				ENABLE_TESTABILITY = YES;
				GCC_C_LANGUAGE_STANDARD = gnu11;
				GCC_DYNAMIC_NO_PIC = NO;
				GCC_NO_COMMON_BLOCKS = YES;
				GCC_OPTIMIZATION_LEVEL = 0;
				GCC_PREPROCESSOR_DEFINITIONS = (
					"DEBUG=1",
					"$(inherited)",
				);
				GCC_WARN_64_TO_32_BIT_CONVERSION = YES;
				GCC_WARN_ABOUT_RETURN_TYPE = YES_ERROR;
				GCC_WARN_UNDECLARED_SELECTOR = YES;
				GCC_WARN_UNINITIALIZED_AUTOS = YES_AGGRESSIVE;
				GCC_WARN_UNUSED_FUNCTION = YES;
				GCC_WARN_UNUSED_VARIABLE = YES;
				IPHONEOS_DEPLOYMENT_TARGET = 12.0;
				MTL_ENABLE_DEBUG_INFO = INCLUDE_SOURCE;
				MTL_FAST_MATH = YES;
				ONLY_ACTIVE_ARCH = YES;
				SDKROOT = iphoneos;
				SWIFT_ACTIVE_COMPILATION_CONDITIONS = DEBUG;
				SWIFT_OPTIMIZATION_LEVEL = "-Onone";
			};
			name = Debug;
		};
		845EC54D217B0D31008F5E64 /* Release */ = {
			isa = XCBuildConfiguration;
			buildSettings = {
				ALWAYS_SEARCH_USER_PATHS = NO;
				CLANG_ANALYZER_NONNULL = YES;
				CLANG_ANALYZER_NUMBER_OBJECT_CONVERSION = YES_AGGRESSIVE;
				CLANG_CXX_LANGUAGE_STANDARD = "gnu++14";
				CLANG_CXX_LIBRARY = "libc++";
				CLANG_ENABLE_MODULES = YES;
				CLANG_ENABLE_OBJC_ARC = YES;
				CLANG_ENABLE_OBJC_WEAK = YES;
				CLANG_WARN_BLOCK_CAPTURE_AUTORELEASING = YES;
				CLANG_WARN_BOOL_CONVERSION = YES;
				CLANG_WARN_COMMA = YES;
				CLANG_WARN_CONSTANT_CONVERSION = YES;
				CLANG_WARN_DEPRECATED_OBJC_IMPLEMENTATIONS = YES;
				CLANG_WARN_DIRECT_OBJC_ISA_USAGE = YES_ERROR;
				CLANG_WARN_DOCUMENTATION_COMMENTS = YES;
				CLANG_WARN_EMPTY_BODY = YES;
				CLANG_WARN_ENUM_CONVERSION = YES;
				CLANG_WARN_INFINITE_RECURSION = YES;
				CLANG_WARN_INT_CONVERSION = YES;
				CLANG_WARN_NON_LITERAL_NULL_CONVERSION = YES;
				CLANG_WARN_OBJC_IMPLICIT_RETAIN_SELF = YES;
				CLANG_WARN_OBJC_LITERAL_CONVERSION = YES;
				CLANG_WARN_OBJC_ROOT_CLASS = YES_ERROR;
				CLANG_WARN_RANGE_LOOP_ANALYSIS = YES;
				CLANG_WARN_STRICT_PROTOTYPES = YES;
				CLANG_WARN_SUSPICIOUS_MOVE = YES;
				CLANG_WARN_UNGUARDED_AVAILABILITY = YES_AGGRESSIVE;
				CLANG_WARN_UNREACHABLE_CODE = YES;
				CLANG_WARN__DUPLICATE_METHOD_MATCH = YES;
				CODE_SIGN_IDENTITY = "iPhone Developer";
				COPY_PHASE_STRIP = NO;
				DEBUG_INFORMATION_FORMAT = "dwarf-with-dsym";
				ENABLE_NS_ASSERTIONS = NO;
				ENABLE_STRICT_OBJC_MSGSEND = YES;
				GCC_C_LANGUAGE_STANDARD = gnu11;
				GCC_NO_COMMON_BLOCKS = YES;
				GCC_WARN_64_TO_32_BIT_CONVERSION = YES;
				GCC_WARN_ABOUT_RETURN_TYPE = YES_ERROR;
				GCC_WARN_UNDECLARED_SELECTOR = YES;
				GCC_WARN_UNINITIALIZED_AUTOS = YES_AGGRESSIVE;
				GCC_WARN_UNUSED_FUNCTION = YES;
				GCC_WARN_UNUSED_VARIABLE = YES;
				IPHONEOS_DEPLOYMENT_TARGET = 12.0;
				MTL_ENABLE_DEBUG_INFO = NO;
				MTL_FAST_MATH = YES;
				SDKROOT = iphoneos;
				SWIFT_COMPILATION_MODE = wholemodule;
				SWIFT_OPTIMIZATION_LEVEL = "-O";
				VALIDATE_PRODUCT = YES;
			};
			name = Release;
		};
		845EC54F217B0D31008F5E64 /* Debug */ = {
			isa = XCBuildConfiguration;
			buildSettings = {
				ASSETCATALOG_COMPILER_APPICON_NAME = AppIcon;
				CODE_SIGN_STYLE = Automatic;
				DEVELOPMENT_TEAM = 2REHR5YXP3;
				INFOPLIST_FILE = PlayCards/Info.plist;
				LD_RUNPATH_SEARCH_PATHS = (
					"$(inherited)",
					"@executable_path/Frameworks",
				);
				PRODUCT_BUNDLE_IDENTIFIER = com.dqv5.PlayCards;
				PRODUCT_NAME = "$(TARGET_NAME)";
				SWIFT_VERSION = 4.2;
				TARGETED_DEVICE_FAMILY = "1,2";
			};
			name = Debug;
		};
		845EC550217B0D31008F5E64 /* Release */ = {
			isa = XCBuildConfiguration;
			buildSettings = {
				ASSETCATALOG_COMPILER_APPICON_NAME = AppIcon;
				CODE_SIGN_STYLE = Automatic;
				DEVELOPMENT_TEAM = 2REHR5YXP3;
				INFOPLIST_FILE = PlayCards/Info.plist;
				LD_RUNPATH_SEARCH_PATHS = (
					"$(inherited)",
					"@executable_path/Frameworks",
				);
				PRODUCT_BUNDLE_IDENTIFIER = com.dqv5.PlayCards;
				PRODUCT_NAME = "$(TARGET_NAME)";
				SWIFT_VERSION = 4.2;
				TARGETED_DEVICE_FAMILY = "1,2";
			};
			name = Release;
		};
/* End XCBuildConfiguration section */

/* Begin XCConfigurationList section */
		845EC537217B0D2E008F5E64 /* Build configuration list for PBXProject "PlayCards" */ = {
			isa = XCConfigurationList;
			buildConfigurations = (
				845EC54C217B0D31008F5E64 /* Debug */,
				845EC54D217B0D31008F5E64 /* Release */,
			);
			defaultConfigurationIsVisible = 0;
			defaultConfigurationName = Release;
		};
		845EC54E217B0D31008F5E64 /* Build configuration list for PBXNativeTarget "PlayCards" */ = {
			isa = XCConfigurationList;
			buildConfigurations = (
				845EC54F217B0D31008F5E64 /* Debug */,
				845EC550217B0D31008F5E64 /* Release */,
			);
			defaultConfigurationIsVisible = 0;
			defaultConfigurationName = Release;
		};
/* End XCConfigurationList section */
	};
	rootObject = 845EC534217B0D2E008F5E64 /* Project object */;
}
